// !$*UTF8*$!
{
	archiveVersion = 1;
	classes = {
	};
	objectVersion = 46;
	objects = {

/* Begin PBXBuildFile section */
		764F70011AA89D870012E0BC /* AppDelegate.swift in Sources */ = {isa = PBXBuildFile; fileRef = 764F70001AA89D870012E0BC /* AppDelegate.swift */; };
		764F70031AA89D870012E0BC /* ViewController.swift in Sources */ = {isa = PBXBuildFile; fileRef = 764F70021AA89D870012E0BC /* ViewController.swift */; };
		764F70061AA89D870012E0BC /* Main.storyboard in Resources */ = {isa = PBXBuildFile; fileRef = 764F70041AA89D870012E0BC /* Main.storyboard */; };
		764F70081AA89D870012E0BC /* Images.xcassets in Resources */ = {isa = PBXBuildFile; fileRef = 764F70071AA89D870012E0BC /* Images.xcassets */; };
		764F700B1AA89D870012E0BC /* LaunchScreen.xib in Resources */ = {isa = PBXBuildFile; fileRef = 764F70091AA89D870012E0BC /* LaunchScreen.xib */; };
		764F70171AA89D870012E0BC /* belongoTests.swift in Sources */ = {isa = PBXBuildFile; fileRef = 764F70161AA89D870012E0BC /* belongoTests.swift */; };
/* End PBXBuildFile section */

/* Begin PBXContainerItemProxy section */
		764F70111AA89D870012E0BC /* PBXContainerItemProxy */ = {
			isa = PBXContainerItemProxy;
			containerPortal = 764F6FF31AA89D860012E0BC /* Project object */;
			proxyType = 1;
			remoteGlobalIDString = 764F6FFA1AA89D860012E0BC;
			remoteInfo = belongo;
		};
/* End PBXContainerItemProxy section */

/* Begin PBXFileReference section */
		764F6FFB1AA89D870012E0BC /* belongo.app */ = {isa = PBXFileReference; explicitFileType = wrapper.application; includeInIndex = 0; path = belongo.app; sourceTree = BUILT_PRODUCTS_DIR; };
		764F6FFF1AA89D870012E0BC /* Info.plist */ = {isa = PBXFileReference; lastKnownFileType = text.plist.xml; path = Info.plist; sourceTree = "<group>"; };
		764F70001AA89D870012E0BC /* AppDelegate.swift */ = {isa = PBXFileReference; lastKnownFileType = sourcecode.swift; path = AppDelegate.swift; sourceTree = "<group>"; };
		764F70021AA89D870012E0BC /* ViewController.swift */ = {isa = PBXFileReference; lastKnownFileType = sourcecode.swift; path = ViewController.swift; sourceTree = "<group>"; };
		764F70051AA89D870012E0BC /* Base */ = {isa = PBXFileReference; lastKnownFileType = file.storyboard; name = Base; path = Base.lproj/Main.storyboard; sourceTree = "<group>"; };
		764F70071AA89D870012E0BC /* Images.xcassets */ = {isa = PBXFileReference; lastKnownFileType = folder.assetcatalog; path = Images.xcassets; sourceTree = "<group>"; };
		764F700A1AA89D870012E0BC /* Base */ = {isa = PBXFileReference; lastKnownFileType = file.xib; name = Base; path = Base.lproj/LaunchScreen.xib; sourceTree = "<group>"; };
		764F70101AA89D870012E0BC /* belongoTests.xctest */ = {isa = PBXFileReference; explicitFileType = wrapper.cfbundle; includeInIndex = 0; path = belongoTests.xctest; sourceTree = BUILT_PRODUCTS_DIR; };
		764F70151AA89D870012E0BC /* Info.plist */ = {isa = PBXFileReference; lastKnownFileType = text.plist.xml; path = Info.plist; sourceTree = "<group>"; };
		764F70161AA89D870012E0BC /* belongoTests.swift */ = {isa = PBXFileReference; lastKnownFileType = sourcecode.swift; path = belongoTests.swift; sourceTree = "<group>"; };
/* End PBXFileReference section */

/* Begin PBXFrameworksBuildPhase section */
		764F6FF81AA89D860012E0BC /* Frameworks */ = {
			isa = PBXFrameworksBuildPhase;
			buildActionMask = 2147483647;
			files = (
			);
			runOnlyForDeploymentPostprocessing = 0;
		};
		764F700D1AA89D870012E0BC /* Frameworks */ = {
			isa = PBXFrameworksBuildPhase;
			buildActionMask = 2147483647;
			files = (
			);
			runOnlyForDeploymentPostprocessing = 0;
		};
/* End PBXFrameworksBuildPhase section */

/* Begin PBXGroup section */
		764F6FF21AA89D860012E0BC = {
			isa = PBXGroup;
			children = (
				764F6FFD1AA89D870012E0BC /* belongo */,
				764F70131AA89D870012E0BC /* belongoTests */,
				764F6FFC1AA89D870012E0BC /* Products */,
			);
			sourceTree = "<group>";
		};
		764F6FFC1AA89D870012E0BC /* Products */ = {
			isa = PBXGroup;
			children = (
				764F6FFB1AA89D870012E0BC /* belongo.app */,
				764F70101AA89D870012E0BC /* belongoTests.xctest */,
			);
			name = Products;
			sourceTree = "<group>";
		};
		764F6FFD1AA89D870012E0BC /* belongo */ = {
			isa = PBXGroup;
			children = (
				764F70001AA89D870012E0BC /* AppDelegate.swift */,
				764F70021AA89D870012E0BC /* ViewController.swift */,
				764F70041AA89D870012E0BC /* Main.storyboard */,
				764F70071AA89D870012E0BC /* Images.xcassets */,
				764F70091AA89D870012E0BC /* LaunchScreen.xib */,
				764F6FFE1AA89D870012E0BC /* Supporting Files */,
			);
			path = belongo;
			sourceTree = "<group>";
		};
		764F6FFE1AA89D870012E0BC /* Supporting Files */ = {
			isa = PBXGroup;
			children = (
				764F6FFF1AA89D870012E0BC /* Info.plist */,
			);
			name = "Supporting Files";
			sourceTree = "<group>";
		};
		764F70131AA89D870012E0BC /* belongoTests */ = {
			isa = PBXGroup;
			children = (
				764F70161AA89D870012E0BC /* belongoTests.swift */,
				764F70141AA89D870012E0BC /* Supporting Files */,
			);
			path = belongoTests;
			sourceTree = "<group>";
		};
		764F70141AA89D870012E0BC /* Supporting Files */ = {
			isa = PBXGroup;
			children = (
				764F70151AA89D870012E0BC /* Info.plist */,
			);
			name = "Supporting Files";
			sourceTree = "<group>";
		};
/* End PBXGroup section */

/* Begin PBXNativeTarget section */
		764F6FFA1AA89D860012E0BC /* belongo */ = {
			isa = PBXNativeTarget;
			buildConfigurationList = 764F701A1AA89D870012E0BC /* Build configuration list for PBXNativeTarget "belongo" */;
			buildPhases = (
				764F6FF71AA89D860012E0BC /* Sources */,
				764F6FF81AA89D860012E0BC /* Frameworks */,
				764F6FF91AA89D860012E0BC /* Resources */,
			);
			buildRules = (
			);
			dependencies = (
			);
			name = belongo;
			productName = belongo;
			productReference = 764F6FFB1AA89D870012E0BC /* belongo.app */;
			productType = "com.apple.product-type.application";
		};
		764F700F1AA89D870012E0BC /* belongoTests */ = {
			isa = PBXNativeTarget;
			buildConfigurationList = 764F701D1AA89D870012E0BC /* Build configuration list for PBXNativeTarget "belongoTests" */;
			buildPhases = (
				764F700C1AA89D870012E0BC /* Sources */,
				764F700D1AA89D870012E0BC /* Frameworks */,
				764F700E1AA89D870012E0BC /* Resources */,
			);
			buildRules = (
			);
			dependencies = (
				764F70121AA89D870012E0BC /* PBXTargetDependency */,
			);
			name = belongoTests;
			productName = belongoTests;
			productReference = 764F70101AA89D870012E0BC /* belongoTests.xctest */;
			productType = "com.apple.product-type.bundle.unit-test";
		};
/* End PBXNativeTarget section */

/* Begin PBXProject section */
		764F6FF31AA89D860012E0BC /* Project object */ = {
			isa = PBXProject;
			attributes = {
				LastUpgradeCheck = 0610;
				ORGANIZATIONNAME = itrip;
				TargetAttributes = {
					764F6FFA1AA89D860012E0BC = {
						CreatedOnToolsVersion = 6.1.1;
					};
					764F700F1AA89D870012E0BC = {
						CreatedOnToolsVersion = 6.1.1;
						TestTargetID = 764F6FFA1AA89D860012E0BC;
					};
				};
			};
			buildConfigurationList = 764F6FF61AA89D860012E0BC /* Build configuration list for PBXProject "belongo" */;
			compatibilityVersion = "Xcode 3.2";
			developmentRegion = English;
			hasScannedForEncodings = 0;
			knownRegions = (
				en,
				Base,
			);
			mainGroup = 764F6FF21AA89D860012E0BC;
			productRefGroup = 764F6FFC1AA89D870012E0BC /* Products */;
			projectDirPath = "";
			projectRoot = "";
			targets = (
				764F6FFA1AA89D860012E0BC /* belongo */,
				764F700F1AA89D870012E0BC /* belongoTests */,
			);
		};
/* End PBXProject section */

/* Begin PBXResourcesBuildPhase section */
		764F6FF91AA89D860012E0BC /* Resources */ = {
			isa = PBXResourcesBuildPhase;
			buildActionMask = 2147483647;
			files = (
				764F70061AA89D870012E0BC /* Main.storyboard in Resources */,
				764F700B1AA89D870012E0BC /* LaunchScreen.xib in Resources */,
				764F70081AA89D870012E0BC /* Images.xcassets in Resources */,
			);
			runOnlyForDeploymentPostprocessing = 0;
		};
		764F700E1AA89D870012E0BC /* Resources */ = {
			isa = PBXResourcesBuildPhase;
			buildActionMask = 2147483647;
			files = (
			);
			runOnlyForDeploymentPostprocessing = 0;
		};
/* End PBXResourcesBuildPhase section */

/* Begin PBXSourcesBuildPhase section */
		764F6FF71AA89D860012E0BC /* Sources */ = {
			isa = PBXSourcesBuildPhase;
			buildActionMask = 2147483647;
			files = (
				764F70031AA89D870012E0BC /* ViewController.swift in Sources */,
				764F70011AA89D870012E0BC /* AppDelegate.swift in Sources */,
			);
			runOnlyForDeploymentPostprocessing = 0;
		};
		764F700C1AA89D870012E0BC /* Sources */ = {
			isa = PBXSourcesBuildPhase;
			buildActionMask = 2147483647;
			files = (
				764F70171AA89D870012E0BC /* belongoTests.swift in Sources */,
			);
			runOnlyForDeploymentPostprocessing = 0;
		};
/* End PBXSourcesBuildPhase section */

/* Begin PBXTargetDependency section */
		764F70121AA89D870012E0BC /* PBXTargetDependency */ = {
			isa = PBXTargetDependency;
			target = 764F6FFA1AA89D860012E0BC /* belongo */;
			targetProxy = 764F70111AA89D870012E0BC /* PBXContainerItemProxy */;
		};
/* End PBXTargetDependency section */

/* Begin PBXVariantGroup section */
		764F70041AA89D870012E0BC /* Main.storyboard */ = {
			isa = PBXVariantGroup;
			children = (
				764F70051AA89D870012E0BC /* Base */,
			);
			name = Main.storyboard;
			sourceTree = "<group>";
		};
		764F70091AA89D870012E0BC /* LaunchScreen.xib */ = {
			isa = PBXVariantGroup;
			children = (
				764F700A1AA89D870012E0BC /* Base */,
			);
			name = LaunchScreen.xib;
			sourceTree = "<group>";
		};
/* End PBXVariantGroup section */

/* Begin XCBuildConfiguration section */
		764F70181AA89D870012E0BC /* Debug */ = {
			isa = XCBuildConfiguration;
			buildSettings = {
				ALWAYS_SEARCH_USER_PATHS = NO;
				CLANG_CXX_LANGUAGE_STANDARD = "gnu++0x";
				CLANG_CXX_LIBRARY = "libc++";
				CLANG_ENABLE_MODULES = YES;
				CLANG_ENABLE_OBJC_ARC = YES;
				CLANG_WARN_BOOL_CONVERSION = YES;
				CLANG_WARN_CONSTANT_CONVERSION = YES;
				CLANG_WARN_DIRECT_OBJC_ISA_USAGE = YES_ERROR;
				CLANG_WARN_EMPTY_BODY = YES;
				CLANG_WARN_ENUM_CONVERSION = YES;
				CLANG_WARN_INT_CONVERSION = YES;
				CLANG_WARN_OBJC_ROOT_CLASS = YES_ERROR;
				CLANG_WARN_UNREACHABLE_CODE = YES;
				CLANG_WARN__DUPLICATE_METHOD_MATCH = YES;
				"CODE_SIGN_IDENTITY[sdk=iphoneos*]" = "iPhone Developer";
				COPY_PHASE_STRIP = NO;
				ENABLE_STRICT_OBJC_MSGSEND = YES;
				GCC_C_LANGUAGE_STANDARD = gnu99;
				GCC_DYNAMIC_NO_PIC = NO;
				GCC_OPTIMIZATION_LEVEL = 0;
				GCC_PREPROCESSOR_DEFINITIONS = (
					"DEBUG=1",
					"$(inherited)",
				);
				GCC_SYMBOLS_PRIVATE_EXTERN = NO;
				GCC_WARN_64_TO_32_BIT_CONVERSION = YES;
				GCC_WARN_ABOUT_RETURN_TYPE = YES_ERROR;
				GCC_WARN_UNDECLARED_SELECTOR = YES;
				GCC_WARN_UNINITIALIZED_AUTOS = YES_AGGRESSIVE;
				GCC_WARN_UNUSED_FUNCTION = YES;
				GCC_WARN_UNUSED_VARIABLE = YES;
				IPHONEOS_DEPLOYMENT_TARGET = 8.1;
				MTL_ENABLE_DEBUG_INFO = YES;
				ONLY_ACTIVE_ARCH = YES;
				SDKROOT = iphoneos;
				SWIFT_OPTIMIZATION_LEVEL = "-Onone";
				TARGETED_DEVICE_FAMILY = "1,2";
			};
			name = Debug;
		};
		764F70191AA89D870012E0BC /* Release */ = {
			isa = XCBuildConfiguration;
			buildSettings = {
				ALWAYS_SEARCH_USER_PATHS = NO;
				CLANG_CXX_LANGUAGE_STANDARD = "gnu++0x";
				CLANG_CXX_LIBRARY = "libc++";
				CLANG_ENABLE_MODULES = YES;
				CLANG_ENABLE_OBJC_ARC = YES;
				CLANG_WARN_BOOL_CONVERSION = YES;
				CLANG_WARN_CONSTANT_CONVERSION = YES;
				CLANG_WARN_DIRECT_OBJC_ISA_USAGE = YES_ERROR;
				CLANG_WARN_EMPTY_BODY = YES;
				CLANG_WARN_ENUM_CONVERSION = YES;
				CLANG_WARN_INT_CONVERSION = YES;
				CLANG_WARN_OBJC_ROOT_CLASS = YES_ERROR;
				CLANG_WARN_UNREACHABLE_CODE = YES;
				CLANG_WARN__DUPLICATE_METHOD_MATCH = YES;
				"CODE_SIGN_IDENTITY[sdk=iphoneos*]" = "iPhone Developer";
				COPY_PHASE_STRIP = YES;
				ENABLE_NS_ASSERTIONS = NO;
				ENABLE_STRICT_OBJC_MSGSEND = YES;
				GCC_C_LANGUAGE_STANDARD = gnu99;
				GCC_WARN_64_TO_32_BIT_CONVERSION = YES;
				GCC_WARN_ABOUT_RETURN_TYPE = YES_ERROR;
				GCC_WARN_UNDECLARED_SELECTOR = YES;
				GCC_WARN_UNINITIALIZED_AUTOS = YES_AGGRESSIVE;
				GCC_WARN_UNUSED_FUNCTION = YES;
				GCC_WARN_UNUSED_VARIABLE = YES;
				IPHONEOS_DEPLOYMENT_TARGET = 8.1;
				MTL_ENABLE_DEBUG_INFO = NO;
				SDKROOT = iphoneos;
				TARGETED_DEVICE_FAMILY = "1,2";
				VALIDATE_PRODUCT = YES;
			};
			name = Release;
		};
		764F701B1AA89D870012E0BC /* Debug */ = {
			isa = XCBuildConfiguration;
			buildSettings = {
				ASSETCATALOG_COMPILER_APPICON_NAME = AppIcon;
				INFOPLIST_FILE = belongo/Info.plist;
				LD_RUNPATH_SEARCH_PATHS = "$(inherited) @executable_path/Frameworks";
				PRODUCT_NAME = "$(TARGET_NAME)";
			};
			name = Debug;
		};
		764F701C1AA89D870012E0BC /* Release */ = {
			isa = XCBuildConfiguration;
			buildSettings = {
				ASSETCATALOG_COMPILER_APPICON_NAME = AppIcon;
				INFOPLIST_FILE = belongo/Info.plist;
				LD_RUNPATH_SEARCH_PATHS = "$(inherited) @executable_path/Frameworks";
				PRODUCT_NAME = "$(TARGET_NAME)";
			};
			name = Release;
		};
		764F701E1AA89D870012E0BC /* Debug */ = {
			isa = XCBuildConfiguration;
			buildSettings = {
				BUNDLE_LOADER = "$(TEST_HOST)";
				FRAMEWORK_SEARCH_PATHS = (
					"$(SDKROOT)/Developer/Library/Frameworks",
					"$(inherited)",
				);
				GCC_PREPROCESSOR_DEFINITIONS = (
					"DEBUG=1",
					"$(inherited)",
				);
				INFOPLIST_FILE = belongoTests/Info.plist;
				LD_RUNPATH_SEARCH_PATHS = "$(inherited) @executable_path/Frameworks @loader_path/Frameworks";
				PRODUCT_NAME = "$(TARGET_NAME)";
				TEST_HOST = "$(BUILT_PRODUCTS_DIR)/belongo.app/belongo";
			};
			name = Debug;
		};
		764F701F1AA89D870012E0BC /* Release */ = {
			isa = XCBuildConfiguration;
			buildSettings = {
				BUNDLE_LOADER = "$(TEST_HOST)";
				FRAMEWORK_SEARCH_PATHS = (
					"$(SDKROOT)/Developer/Library/Frameworks",
					"$(inherited)",
				);
				INFOPLIST_FILE = belongoTests/Info.plist;
				LD_RUNPATH_SEARCH_PATHS = "$(inherited) @executable_path/Frameworks @loader_path/Frameworks";
				PRODUCT_NAME = "$(TARGET_NAME)";
				TEST_HOST = "$(BUILT_PRODUCTS_DIR)/belongo.app/belongo";
			};
			name = Release;
		};
/* End XCBuildConfiguration section */

/* Begin XCConfigurationList section */
		764F6FF61AA89D860012E0BC /* Build configuration list for PBXProject "belongo" */ = {
			isa = XCConfigurationList;
			buildConfigurations = (
				764F70181AA89D870012E0BC /* Debug */,
				764F70191AA89D870012E0BC /* Release */,
			);
			defaultConfigurationIsVisible = 0;
			defaultConfigurationName = Release;
		};
		764F701A1AA89D870012E0BC /* Build configuration list for PBXNativeTarget "belongo" */ = {
			isa = XCConfigurationList;
			buildConfigurations = (
				764F701B1AA89D870012E0BC /* Debug */,
				764F701C1AA89D870012E0BC /* Release */,
			);
			defaultConfigurationIsVisible = 0;
		};
		764F701D1AA89D870012E0BC /* Build configuration list for PBXNativeTarget "belongoTests" */ = {
			isa = XCConfigurationList;
			buildConfigurations = (
				764F701E1AA89D870012E0BC /* Debug */,
				764F701F1AA89D870012E0BC /* Release */,
			);
			defaultConfigurationIsVisible = 0;
		};
/* End XCConfigurationList section */
	};
	rootObject = 764F6FF31AA89D860012E0BC /* Project object */;
}
